
Microsoft Visual Studio Solution File, Format Version 12.00
# Visual Studio 15
VisualStudioVersion = 15.0.27130.2027
MinimumVisualStudioVersion = 10.0.40219.1
Project("{9A19103F-16F7-4668-BE54-9A1E7A4F7556}") = "ApiClient", "ApiClient\ApiClient.csproj", "{C62AC475-A0D8-4121-AB9F-DBA6C7EA40EE}"
EndProject
Project("{9A19103F-16F7-4668-BE54-9A1E7A4F7556}") = "DataAccess", "DataAccess\DataAccess.csproj", "{A8BF0EFC-303D-4D07-998B-302FD486C179}"
EndProject
Global
	GlobalSection(SolutionConfigurationPlatforms) = preSolution
		Debug|Any CPU = Debug|Any CPU
		Release|Any CPU = Release|Any CPU
	EndGlobalSection
	GlobalSection(ProjectConfigurationPlatforms) = postSolution
		{C62AC475-A0D8-4121-AB9F-DBA6C7EA40EE}.Debug|Any CPU.ActiveCfg = Debug|Any CPU
		{C62AC475-A0D8-4121-AB9F-DBA6C7EA40EE}.Debug|Any CPU.Build.0 = Debug|Any CPU
		{C62AC475-A0D8-4121-AB9F-DBA6C7EA40EE}.Release|Any CPU.ActiveCfg = Release|Any CPU
		{C62AC475-A0D8-4121-AB9F-DBA6C7EA40EE}.Release|Any CPU.Build.0 = Release|Any CPU
		{A8BF0EFC-303D-4D07-998B-302FD486C179}.Debug|Any CPU.ActiveCfg = Debug|Any CPU
		{A8BF0EFC-303D-4D07-998B-302FD486C179}.Debug|Any CPU.Build.0 = Debug|Any CPU
		{A8BF0EFC-303D-4D07-998B-302FD486C179}.Release|Any CPU.ActiveCfg = Release|Any CPU
		{A8BF0EFC-303D-4D07-998B-302FD486C179}.Release|Any CPU.Build.0 = Release|Any CPU
	EndGlobalSection
	GlobalSection(SolutionProperties) = preSolution
		HideSolutionNode = FALSE
	EndGlobalSection
	GlobalSection(ExtensibilityGlobals) = postSolution
		SolutionGuid = {B3B91747-8053-4E1E-9123-23A0EE58E426}
	EndGlobalSection
EndGlobal
